{
  "requires": true,
  "lockfileVersion": 1,
  "dependencies": {
    "viewerjs": {
      "version": "1.6.2",
      "resolved": "https://registry.npmjs.org/viewerjs/-/viewerjs-1.6.2.tgz",
      "integrity": "sha512-EHepcPFz2YOv0wOKMUU7JwcUGdF3EmTH8A4owYeNPCM1t5XuE7ePelACY8ltWvh6O2yPOdJ9CI3T6m04RjsmpQ=="
    }
  }
}
